
Microsoft Visual Studio Solution File, Format Version 12.00
# Visual Studio Version 16
VisualStudioVersion = 16.0.30804.86
MinimumVisualStudioVersion = 10.0.40219.1
Project("{FAE04EC0-301F-11D3-BF4B-00C04F79EFBC}") = "Blog posts", "Blog posts\Blog posts.csproj", "{AC99F7CA-40AB-4E76-83A4-A24CA230B866}"
EndProject
Global
	GlobalSection(SolutionConfigurationPlatforms) = preSolution
		Debug|Any CPU = Debug|Any CPU
		Release|Any CPU = Release|Any CPU
	EndGlobalSection
	GlobalSection(ProjectConfigurationPlatforms) = postSolution
		{AC99F7CA-40AB-4E76-83A4-A24CA230B866}.Debug|Any CPU.ActiveCfg = Debug|Any CPU
		{AC99F7CA-40AB-4E76-83A4-A24CA230B866}.Debug|Any CPU.Build.0 = Debug|Any CPU
		{AC99F7CA-40AB-4E76-83A4-A24CA230B866}.Release|Any CPU.ActiveCfg = Release|Any CPU
		{AC99F7CA-40AB-4E76-83A4-A24CA230B866}.Release|Any CPU.Build.0 = Release|Any CPU
	EndGlobalSection
	GlobalSection(SolutionProperties) = preSolution
		HideSolutionNode = FALSE
	EndGlobalSection
	GlobalSection(ExtensibilityGlobals) = postSolution
		SolutionGuid = {B2FDB352-9FEE-46EC-991E-EA42E5C0EB33}
	EndGlobalSection
EndGlobal
